{
  "name": "platinum-frontend",
  "version": "0.1.0",
  "lockfileVersion": 1,
  "requires": true,
  "dependencies": {
    "platinumfinance": {
      "version": "1.0.0",
      "resolved": "https://registry.npmjs.org/platinumfinance/-/platinumfinance-1.0.0.tgz",
      "integrity": "sha512-Rt19H88TXXqi0MYzzvczqeCjWFn8lfcz56LRYvPS07euAL27cYxsa85pm+PsNenwz1IRyK3nyLQ6QxI4AOdLrQ=="
    }
  }
}
